
Microsoft Visual Studio Solution File, Format Version 12.00
# Visual Studio Version 17
VisualStudioVersion = 17.11.35327.3
MinimumVisualStudioVersion = 10.0.40219.1
Project("{FAE04EC0-301F-11D3-BF4B-00C04F79EFBC}") = "CashFlowApi.Application", "CashFlowApi.Application\CashFlowApi.Application.csproj", "{516CBBB5-1247-4468-9C5C-1D433AABE6EA}"
EndProject
Project("{FAE04EC0-301F-11D3-BF4B-00C04F79EFBC}") = "CashFlowApi.Domain", "CashFlowApi.Domain\CashFlowApi.Domain.csproj", "{72EC2F08-3542-445E-86C6-3AB305A9DFFF}"
EndProject
Project("{FAE04EC0-301F-11D3-BF4B-00C04F79EFBC}") = "CashFlowApi.Infrastructure", "CashFlowApi.Infrastructure\CashFlowApi.Infrastructure.csproj", "{B84A8F9A-E898-4536-BB58-DA963BD5992C}"
EndProject
Project("{FAE04EC0-301F-11D3-BF4B-00C04F79EFBC}") = "CashFlowApi.Presentation", "CashFlowApi.Presentation\CashFlowApi.Presentation.csproj", "{97EDFAF7-FB38-45CF-9367-76EDF6179858}"
EndProject
Project("{9A19103F-16F7-4668-BE54-9A1E7A4F7556}") = "FinTracker.SharedLibrary", "..\FinTracker.SharedLibrarySolution\FinTracker.SharedLibrary\FinTracker.SharedLibrary.csproj", "{FF3D0F03-D28F-4D6B-80FE-C5D93AE23D39}"
EndProject
Global
	GlobalSection(SolutionConfigurationPlatforms) = preSolution
		Debug|Any CPU = Debug|Any CPU
		Release|Any CPU = Release|Any CPU
	EndGlobalSection
	GlobalSection(ProjectConfigurationPlatforms) = postSolution
		{516CBBB5-1247-4468-9C5C-1D433AABE6EA}.Debug|Any CPU.ActiveCfg = Debug|Any CPU
		{516CBBB5-1247-4468-9C5C-1D433AABE6EA}.Debug|Any CPU.Build.0 = Debug|Any CPU
		{516CBBB5-1247-4468-9C5C-1D433AABE6EA}.Release|Any CPU.ActiveCfg = Release|Any CPU
		{516CBBB5-1247-4468-9C5C-1D433AABE6EA}.Release|Any CPU.Build.0 = Release|Any CPU
		{72EC2F08-3542-445E-86C6-3AB305A9DFFF}.Debug|Any CPU.ActiveCfg = Debug|Any CPU
		{72EC2F08-3542-445E-86C6-3AB305A9DFFF}.Debug|Any CPU.Build.0 = Debug|Any CPU
		{72EC2F08-3542-445E-86C6-3AB305A9DFFF}.Release|Any CPU.ActiveCfg = Release|Any CPU
		{72EC2F08-3542-445E-86C6-3AB305A9DFFF}.Release|Any CPU.Build.0 = Release|Any CPU
		{B84A8F9A-E898-4536-BB58-DA963BD5992C}.Debug|Any CPU.ActiveCfg = Debug|Any CPU
		{B84A8F9A-E898-4536-BB58-DA963BD5992C}.Debug|Any CPU.Build.0 = Debug|Any CPU
		{B84A8F9A-E898-4536-BB58-DA963BD5992C}.Release|Any CPU.ActiveCfg = Release|Any CPU
		{B84A8F9A-E898-4536-BB58-DA963BD5992C}.Release|Any CPU.Build.0 = Release|Any CPU
		{97EDFAF7-FB38-45CF-9367-76EDF6179858}.Debug|Any CPU.ActiveCfg = Debug|Any CPU
		{97EDFAF7-FB38-45CF-9367-76EDF6179858}.Debug|Any CPU.Build.0 = Debug|Any CPU
		{97EDFAF7-FB38-45CF-9367-76EDF6179858}.Release|Any CPU.ActiveCfg = Release|Any CPU
		{97EDFAF7-FB38-45CF-9367-76EDF6179858}.Release|Any CPU.Build.0 = Release|Any CPU
		{FF3D0F03-D28F-4D6B-80FE-C5D93AE23D39}.Debug|Any CPU.ActiveCfg = Debug|Any CPU
		{FF3D0F03-D28F-4D6B-80FE-C5D93AE23D39}.Debug|Any CPU.Build.0 = Debug|Any CPU
		{FF3D0F03-D28F-4D6B-80FE-C5D93AE23D39}.Release|Any CPU.ActiveCfg = Release|Any CPU
		{FF3D0F03-D28F-4D6B-80FE-C5D93AE23D39}.Release|Any CPU.Build.0 = Release|Any CPU
	EndGlobalSection
	GlobalSection(SolutionProperties) = preSolution
		HideSolutionNode = FALSE
	EndGlobalSection
	GlobalSection(ExtensibilityGlobals) = postSolution
		SolutionGuid = {53A8627E-CFB2-43F1-84E3-EDDF9F980A1B}
	EndGlobalSection
EndGlobal
