
Microsoft Visual Studio Solution File, Format Version 12.00
# Visual Studio Version 17
VisualStudioVersion = 17.11.35327.3
MinimumVisualStudioVersion = 10.0.40219.1
Project("{FAE04EC0-301F-11D3-BF4B-00C04F79EFBC}") = "FinTracker.SharedLibrary", "FinTracker.SharedLibrary\FinTracker.SharedLibrary.csproj", "{5B86F645-592C-4786-A637-3CCA438BFCC1}"
EndProject
Global
	GlobalSection(SolutionConfigurationPlatforms) = preSolution
		Debug|Any CPU = Debug|Any CPU
		Release|Any CPU = Release|Any CPU
	EndGlobalSection
	GlobalSection(ProjectConfigurationPlatforms) = postSolution
		{5B86F645-592C-4786-A637-3CCA438BFCC1}.Debug|Any CPU.ActiveCfg = Debug|Any CPU
		{5B86F645-592C-4786-A637-3CCA438BFCC1}.Debug|Any CPU.Build.0 = Debug|Any CPU
		{5B86F645-592C-4786-A637-3CCA438BFCC1}.Release|Any CPU.ActiveCfg = Release|Any CPU
		{5B86F645-592C-4786-A637-3CCA438BFCC1}.Release|Any CPU.Build.0 = Release|Any CPU
	EndGlobalSection
	GlobalSection(SolutionProperties) = preSolution
		HideSolutionNode = FALSE
	EndGlobalSection
	GlobalSection(ExtensibilityGlobals) = postSolution
		SolutionGuid = {FC30D274-C772-4599-8A59-828C5CD6D580}
	EndGlobalSection
EndGlobal
